// !$*UTF8*$!
{
	archiveVersion = 1;
	classes = {
	};
	objectVersion = 77;
	objects = {

/* Begin PBXContainerItemProxy section */
		C036E9AD2DE006A80012AB32 /* PBXContainerItemProxy */ = {
			isa = PBXContainerItemProxy;
			containerPortal = C036E98E2DE006A50012AB32 /* Project object */;
			proxyType = 1;
			remoteGlobalIDString = C036E9952DE006A50012AB32;
			remoteInfo = DigimonTamers;
		};
		C036E9B72DE006A80012AB32 /* PBXContainerItemProxy */ = {
			isa = PBXContainerItemProxy;
			containerPortal = C036E98E2DE006A50012AB32 /* Project object */;
			proxyType = 1;
			remoteGlobalIDString = C036E9952DE006A50012AB32;
			remoteInfo = DigimonTamers;
		};
/* End PBXContainerItemProxy section */

/* Begin PBXFileReference section */
		C036E9962DE006A50012AB32 /* DigimonTamers.app */ = {isa = PBXFileReference; explicitFileType = wrapper.application; includeInIndex = 0; path = DigimonTamers.app; sourceTree = BUILT_PRODUCTS_DIR; };
		C036E9AC2DE006A80012AB32 /* DigimonTamersTests.xctest */ = {isa = PBXFileReference; explicitFileType = wrapper.cfbundle; includeInIndex = 0; path = DigimonTamersTests.xctest; sourceTree = BUILT_PRODUCTS_DIR; };
		C036E9B62DE006A80012AB32 /* DigimonTamersUITests.xctest */ = {isa = PBXFileReference; explicitFileType = wrapper.cfbundle; includeInIndex = 0; path = DigimonTamersUITests.xctest; sourceTree = BUILT_PRODUCTS_DIR; };
/* End PBXFileReference section */

/* Begin PBXFileSystemSynchronizedBuildFileExceptionSet section */
		C036E9BE2DE006A80012AB32 /* Exceptions for "DigimonTamers" folder in "DigimonTamers" target */ = {
			isa = PBXFileSystemSynchronizedBuildFileExceptionSet;
			membershipExceptions = (
				Info.plist,
			);
			target = C036E9952DE006A50012AB32 /* DigimonTamers */;
		};
/* End PBXFileSystemSynchronizedBuildFileExceptionSet section */

/* Begin PBXFileSystemSynchronizedRootGroup section */
		C036E9982DE006A50012AB32 /* DigimonTamers */ = {
			isa = PBXFileSystemSynchronizedRootGroup;
			exceptions = (
				C036E9BE2DE006A80012AB32 /* Exceptions for "DigimonTamers" folder in "DigimonTamers" target */,
			);
			path = DigimonTamers;
			sourceTree = "<group>";
		};
		C036E9AF2DE006A80012AB32 /* DigimonTamersTests */ = {
			isa = PBXFileSystemSynchronizedRootGroup;
			path = DigimonTamersTests;
			sourceTree = "<group>";
		};
		C036E9B92DE006A80012AB32 /* DigimonTamersUITests */ = {
			isa = PBXFileSystemSynchronizedRootGroup;
			path = DigimonTamersUITests;
			sourceTree = "<group>";
		};
/* End PBXFileSystemSynchronizedRootGroup section */

/* Begin PBXFrameworksBuildPhase section */
		C036E9932DE006A50012AB32 /* Frameworks */ = {
			isa = PBXFrameworksBuildPhase;
			buildActionMask = 2147483647;
			files = (
			);
			runOnlyForDeploymentPostprocessing = 0;
		};
		C036E9A92DE006A80012AB32 /* Frameworks */ = {
			isa = PBXFrameworksBuildPhase;
			buildActionMask = 2147483647;
			files = (
			);
			runOnlyForDeploymentPostprocessing = 0;
		};
		C036E9B32DE006A80012AB32 /* Frameworks */ = {
			isa = PBXFrameworksBuildPhase;
			buildActionMask = 2147483647;
			files = (
			);
			runOnlyForDeploymentPostprocessing = 0;
		};
/* End PBXFrameworksBuildPhase section */

/* Begin PBXGroup section */
		C036E98D2DE006A50012AB32 = {
			isa = PBXGroup;
			children = (
				C036E9982DE006A50012AB32 /* DigimonTamers */,
				C036E9AF2DE006A80012AB32 /* DigimonTamersTests */,
				C036E9B92DE006A80012AB32 /* DigimonTamersUITests */,
				C036E9972DE006A50012AB32 /* Products */,
			);
			sourceTree = "<group>";
		};
		C036E9972DE006A50012AB32 /* Products */ = {
			isa = PBXGroup;
			children = (
				C036E9962DE006A50012AB32 /* DigimonTamers.app */,
				C036E9AC2DE006A80012AB32 /* DigimonTamersTests.xctest */,
				C036E9B62DE006A80012AB32 /* DigimonTamersUITests.xctest */,
			);
			name = Products;
			sourceTree = "<group>";
		};
/* End PBXGroup section */

/* Begin PBXNativeTarget section */
		C036E9952DE006A50012AB32 /* DigimonTamers */ = {
			isa = PBXNativeTarget;
			buildConfigurationList = C036E9BF2DE006A80012AB32 /* Build configuration list for PBXNativeTarget "DigimonTamers" */;
			buildPhases = (
				C036E9922DE006A50012AB32 /* Sources */,
				C036E9932DE006A50012AB32 /* Frameworks */,
				C036E9942DE006A50012AB32 /* Resources */,
			);
			buildRules = (
			);
			dependencies = (
			);
			fileSystemSynchronizedGroups = (
				C036E9982DE006A50012AB32 /* DigimonTamers */,
			);
			name = DigimonTamers;
			packageProductDependencies = (
			);
			productName = DigimonTamers;
			productReference = C036E9962DE006A50012AB32 /* DigimonTamers.app */;
			productType = "com.apple.product-type.application";
		};
		C036E9AB2DE006A80012AB32 /* DigimonTamersTests */ = {
			isa = PBXNativeTarget;
			buildConfigurationList = C036E9C42DE006A80012AB32 /* Build configuration list for PBXNativeTarget "DigimonTamersTests" */;
			buildPhases = (
				C036E9A82DE006A80012AB32 /* Sources */,
				C036E9A92DE006A80012AB32 /* Frameworks */,
				C036E9AA2DE006A80012AB32 /* Resources */,
			);
			buildRules = (
			);
			dependencies = (
				C036E9AE2DE006A80012AB32 /* PBXTargetDependency */,
			);
			fileSystemSynchronizedGroups = (
				C036E9AF2DE006A80012AB32 /* DigimonTamersTests */,
			);
			name = DigimonTamersTests;
			packageProductDependencies = (
			);
			productName = DigimonTamersTests;
			productReference = C036E9AC2DE006A80012AB32 /* DigimonTamersTests.xctest */;
			productType = "com.apple.product-type.bundle.unit-test";
		};
		C036E9B52DE006A80012AB32 /* DigimonTamersUITests */ = {
			isa = PBXNativeTarget;
			buildConfigurationList = C036E9C72DE006A80012AB32 /* Build configuration list for PBXNativeTarget "DigimonTamersUITests" */;
			buildPhases = (
				C036E9B22DE006A80012AB32 /* Sources */,
				C036E9B32DE006A80012AB32 /* Frameworks */,
				C036E9B42DE006A80012AB32 /* Resources */,
			);
			buildRules = (
			);
			dependencies = (
				C036E9B82DE006A80012AB32 /* PBXTargetDependency */,
			);
			fileSystemSynchronizedGroups = (
				C036E9B92DE006A80012AB32 /* DigimonTamersUITests */,
			);
			name = DigimonTamersUITests;
			packageProductDependencies = (
			);
			productName = DigimonTamersUITests;
			productReference = C036E9B62DE006A80012AB32 /* DigimonTamersUITests.xctest */;
			productType = "com.apple.product-type.bundle.ui-testing";
		};
/* End PBXNativeTarget section */

/* Begin PBXProject section */
		C036E98E2DE006A50012AB32 /* Project object */ = {
			isa = PBXProject;
			attributes = {
				BuildIndependentTargetsInParallel = 1;
				LastSwiftUpdateCheck = 1630;
				LastUpgradeCheck = 1630;
				TargetAttributes = {
					C036E9952DE006A50012AB32 = {
						CreatedOnToolsVersion = 16.3;
					};
					C036E9AB2DE006A80012AB32 = {
						CreatedOnToolsVersion = 16.3;
						TestTargetID = C036E9952DE006A50012AB32;
					};
					C036E9B52DE006A80012AB32 = {
						CreatedOnToolsVersion = 16.3;
						TestTargetID = C036E9952DE006A50012AB32;
					};
				};
			};
			buildConfigurationList = C036E9912DE006A50012AB32 /* Build configuration list for PBXProject "DigimonTamers" */;
			developmentRegion = en;
			hasScannedForEncodings = 0;
			knownRegions = (
				en,
				Base,
			);
			mainGroup = C036E98D2DE006A50012AB32;
			minimizedProjectReferenceProxies = 1;
			preferredProjectObjectVersion = 77;
			productRefGroup = C036E9972DE006A50012AB32 /* Products */;
			projectDirPath = "";
			projectRoot = "";
			targets = (
				C036E9952DE006A50012AB32 /* DigimonTamers */,
				C036E9AB2DE006A80012AB32 /* DigimonTamersTests */,
				C036E9B52DE006A80012AB32 /* DigimonTamersUITests */,
			);
		};
/* End PBXProject section */

/* Begin PBXResourcesBuildPhase section */
		C036E9942DE006A50012AB32 /* Resources */ = {
			isa = PBXResourcesBuildPhase;
			buildActionMask = 2147483647;
			files = (
			);
			runOnlyForDeploymentPostprocessing = 0;
		};
		C036E9AA2DE006A80012AB32 /* Resources */ = {
			isa = PBXResourcesBuildPhase;
			buildActionMask = 2147483647;
			files = (
			);
			runOnlyForDeploymentPostprocessing = 0;
		};
		C036E9B42DE006A80012AB32 /* Resources */ = {
			isa = PBXResourcesBuildPhase;
			buildActionMask = 2147483647;
			files = (
			);
			runOnlyForDeploymentPostprocessing = 0;
		};
/* End PBXResourcesBuildPhase section */

/* Begin PBXSourcesBuildPhase section */
		C036E9922DE006A50012AB32 /* Sources */ = {
			isa = PBXSourcesBuildPhase;
			buildActionMask = 2147483647;
			files = (
			);
			runOnlyForDeploymentPostprocessing = 0;
		};
		C036E9A82DE006A80012AB32 /* Sources */ = {
			isa = PBXSourcesBuildPhase;
			buildActionMask = 2147483647;
			files = (
			);
			runOnlyForDeploymentPostprocessing = 0;
		};
		C036E9B22DE006A80012AB32 /* Sources */ = {
			isa = PBXSourcesBuildPhase;
			buildActionMask = 2147483647;
			files = (
			);
			runOnlyForDeploymentPostprocessing = 0;
		};
/* End PBXSourcesBuildPhase section */

/* Begin PBXTargetDependency section */
		C036E9AE2DE006A80012AB32 /* PBXTargetDependency */ = {
			isa = PBXTargetDependency;
			target = C036E9952DE006A50012AB32 /* DigimonTamers */;
			targetProxy = C036E9AD2DE006A80012AB32 /* PBXContainerItemProxy */;
		};
		C036E9B82DE006A80012AB32 /* PBXTargetDependency */ = {
			isa = PBXTargetDependency;
			target = C036E9952DE006A50012AB32 /* DigimonTamers */;
			targetProxy = C036E9B72DE006A80012AB32 /* PBXContainerItemProxy */;
		};
/* End PBXTargetDependency section */

/* Begin XCBuildConfiguration section */
		C036E9C02DE006A80012AB32 /* Debug */ = {
			isa = XCBuildConfiguration;
			buildSettings = {
				ASSETCATALOG_COMPILER_APPICON_NAME = AppIcon;
				ASSETCATALOG_COMPILER_GLOBAL_ACCENT_COLOR_NAME = AccentColor;
				ASSETCATALOG_COMPILER_INCLUDE_ALL_APPICON_ASSETS = NO;
				CODE_SIGN_STYLE = Automatic;
				CURRENT_PROJECT_VERSION = 1;
				DEVELOPMENT_TEAM = R3YK2SQ7K3;
				GENERATE_INFOPLIST_FILE = YES;
				INFOPLIST_FILE = DigimonTamers/Info.plist;
				INFOPLIST_KEY_CFBundleDisplayName = Digivice;
				INFOPLIST_KEY_UIApplicationSupportsIndirectInputEvents = YES;
				INFOPLIST_KEY_UILaunchStoryboardName = LaunchScreen;
				INFOPLIST_KEY_UISupportedInterfaceOrientations_iPad = "UIInterfaceOrientationPortrait UIInterfaceOrientationPortraitUpsideDown UIInterfaceOrientationLandscapeLeft UIInterfaceOrientationLandscapeRight";
				INFOPLIST_KEY_UISupportedInterfaceOrientations_iPhone = "UIInterfaceOrientationPortrait UIInterfaceOrientationLandscapeLeft UIInterfaceOrientationLandscapeRight";
				LD_RUNPATH_SEARCH_PATHS = (
					"$(inherited)",
					"@executable_path/Frameworks",
				);
				MARKETING_VERSION = 1.0;
				PRODUCT_BUNDLE_IDENTIFIER = br.pucpr.academy.DigimonTamers;
				PRODUCT_NAME = "$(TARGET_NAME)";
				SWIFT_EMIT_LOC_STRINGS = YES;
				SWIFT_VERSION = 5.0;
				TARGETED_DEVICE_FAMILY = "1,2";
			};
			name = Debug;
		};
		C036E9C12DE006A80012AB32 /* Release */ = {
			isa = XCBuildConfiguration;
			buildSettings = {
				ASSETCATALOG_COMPILER_APPICON_NAME = AppIcon;
				ASSETCATALOG_COMPILER_GLOBAL_ACCENT_COLOR_NAME = AccentColor;
				ASSETCATALOG_COMPILER_INCLUDE_ALL_APPICON_ASSETS = NO;
				CODE_SIGN_STYLE = Automatic;
				CURRENT_PROJECT_VERSION = 1;
				DEVELOPMENT_TEAM = R3YK2SQ7K3;
				GENERATE_INFOPLIST_FILE = YES;
				INFOPLIST_FILE = DigimonTamers/Info.plist;
				INFOPLIST_KEY_CFBundleDisplayName = Digivice;
				INFOPLIST_KEY_UIApplicationSupportsIndirectInputEvents = YES;
				INFOPLIST_KEY_UILaunchStoryboardName = LaunchScreen;
				INFOPLIST_KEY_UISupportedInterfaceOrientations_iPad = "UIInterfaceOrientationPortrait UIInterfaceOrientationPortraitUpsideDown UIInterfaceOrientationLandscapeLeft UIInterfaceOrientationLandscapeRight";
				INFOPLIST_KEY_UISupportedInterfaceOrientations_iPhone = "UIInterfaceOrientationPortrait UIInterfaceOrientationLandscapeLeft UIInterfaceOrientationLandscapeRight";
				LD_RUNPATH_SEARCH_PATHS = (
					"$(inherited)",
					"@executable_path/Frameworks",
				);
				MARKETING_VERSION = 1.0;
				PRODUCT_BUNDLE_IDENTIFIER = br.pucpr.academy.DigimonTamers;
				PRODUCT_NAME = "$(TARGET_NAME)";
				SWIFT_EMIT_LOC_STRINGS = YES;
				SWIFT_VERSION = 5.0;
				TARGETED_DEVICE_FAMILY = "1,2";
			};
			name = Release;
		};
		C036E9C22DE006A80012AB32 /* Debug */ = {
			isa = XCBuildConfiguration;
			buildSettings = {
				ALWAYS_SEARCH_USER_PATHS = NO;
				ASSETCATALOG_COMPILER_GENERATE_SWIFT_ASSET_SYMBOL_EXTENSIONS = YES;
				CLANG_ANALYZER_NONNULL = YES;
				CLANG_ANALYZER_NUMBER_OBJECT_CONVERSION = YES_AGGRESSIVE;
				CLANG_CXX_LANGUAGE_STANDARD = "gnu++20";
				CLANG_ENABLE_MODULES = YES;
				CLANG_ENABLE_OBJC_ARC = YES;
				CLANG_ENABLE_OBJC_WEAK = YES;
				CLANG_WARN_BLOCK_CAPTURE_AUTORELEASING = YES;
				CLANG_WARN_BOOL_CONVERSION = YES;
				CLANG_WARN_COMMA = YES;
				CLANG_WARN_CONSTANT_CONVERSION = YES;
				CLANG_WARN_DEPRECATED_OBJC_IMPLEMENTATIONS = YES;
				CLANG_WARN_DIRECT_OBJC_ISA_USAGE = YES_ERROR;
				CLANG_WARN_DOCUMENTATION_COMMENTS = YES;
				CLANG_WARN_EMPTY_BODY = YES;
				CLANG_WARN_ENUM_CONVERSION = YES;
				CLANG_WARN_INFINITE_RECURSION = YES;
				CLANG_WARN_INT_CONVERSION = YES;
				CLANG_WARN_NON_LITERAL_NULL_CONVERSION = YES;
				CLANG_WARN_OBJC_IMPLICIT_RETAIN_SELF = YES;
				CLANG_WARN_OBJC_LITERAL_CONVERSION = YES;
				CLANG_WARN_OBJC_ROOT_CLASS = YES_ERROR;
				CLANG_WARN_QUOTED_INCLUDE_IN_FRAMEWORK_HEADER = YES;
				CLANG_WARN_RANGE_LOOP_ANALYSIS = YES;
				CLANG_WARN_STRICT_PROTOTYPES = YES;
				CLANG_WARN_SUSPICIOUS_MOVE = YES;
				CLANG_WARN_UNGUARDED_AVAILABILITY = YES_AGGRESSIVE;
				CLANG_WARN_UNREACHABLE_CODE = YES;
				CLANG_WARN__DUPLICATE_METHOD_MATCH = YES;
				COPY_PHASE_STRIP = NO;
				DEBUG_INFORMATION_FORMAT = dwarf;
				DEVELOPMENT_TEAM = R3YK2SQ7K3;
				ENABLE_STRICT_OBJC_MSGSEND = YES;
				ENABLE_TESTABILITY = YES;
				ENABLE_USER_SCRIPT_SANDBOXING = YES;
				GCC_C_LANGUAGE_STANDARD = gnu17;
				GCC_DYNAMIC_NO_PIC = NO;
				GCC_NO_COMMON_BLOCKS = YES;
				GCC_OPTIMIZATION_LEVEL = 0;
				GCC_PREPROCESSOR_DEFINITIONS = (
					"DEBUG=1",
					"$(inherited)",
				);
				GCC_WARN_64_TO_32_BIT_CONVERSION = YES;
				GCC_WARN_ABOUT_RETURN_TYPE = YES_ERROR;
				GCC_WARN_UNDECLARED_SELECTOR = YES;
				GCC_WARN_UNINITIALIZED_AUTOS = YES_AGGRESSIVE;
				GCC_WARN_UNUSED_FUNCTION = YES;
				GCC_WARN_UNUSED_VARIABLE = YES;
				IPHONEOS_DEPLOYMENT_TARGET = 18.4;
				LOCALIZATION_PREFERS_STRING_CATALOGS = YES;
				MTL_ENABLE_DEBUG_INFO = INCLUDE_SOURCE;
				MTL_FAST_MATH = YES;
				ONLY_ACTIVE_ARCH = YES;
				SDKROOT = iphoneos;
				SWIFT_ACTIVE_COMPILATION_CONDITIONS = "DEBUG $(inherited)";
				SWIFT_OPTIMIZATION_LEVEL = "-Onone";
			};
			name = Debug;
		};
		C036E9C32DE006A80012AB32 /* Release */ = {
			isa = XCBuildConfiguration;
			buildSettings = {
				ALWAYS_SEARCH_USER_PATHS = NO;
				ASSETCATALOG_COMPILER_GENERATE_SWIFT_ASSET_SYMBOL_EXTENSIONS = YES;
				CLANG_ANALYZER_NONNULL = YES;
				CLANG_ANALYZER_NUMBER_OBJECT_CONVERSION = YES_AGGRESSIVE;
				CLANG_CXX_LANGUAGE_STANDARD = "gnu++20";
				CLANG_ENABLE_MODULES = YES;
				CLANG_ENABLE_OBJC_ARC = YES;
				CLANG_ENABLE_OBJC_WEAK = YES;
				CLANG_WARN_BLOCK_CAPTURE_AUTORELEASING = YES;
				CLANG_WARN_BOOL_CONVERSION = YES;
				CLANG_WARN_COMMA = YES;
				CLANG_WARN_CONSTANT_CONVERSION = YES;
				CLANG_WARN_DEPRECATED_OBJC_IMPLEMENTATIONS = YES;
				CLANG_WARN_DIRECT_OBJC_ISA_USAGE = YES_ERROR;
				CLANG_WARN_DOCUMENTATION_COMMENTS = YES;
				CLANG_WARN_EMPTY_BODY = YES;
				CLANG_WARN_ENUM_CONVERSION = YES;
				CLANG_WARN_INFINITE_RECURSION = YES;
				CLANG_WARN_INT_CONVERSION = YES;
				CLANG_WARN_NON_LITERAL_NULL_CONVERSION = YES;
				CLANG_WARN_OBJC_IMPLICIT_RETAIN_SELF = YES;
				CLANG_WARN_OBJC_LITERAL_CONVERSION = YES;
				CLANG_WARN_OBJC_ROOT_CLASS = YES_ERROR;
				CLANG_WARN_QUOTED_INCLUDE_IN_FRAMEWORK_HEADER = YES;
				CLANG_WARN_RANGE_LOOP_ANALYSIS = YES;
				CLANG_WARN_STRICT_PROTOTYPES = YES;
				CLANG_WARN_SUSPICIOUS_MOVE = YES;
				CLANG_WARN_UNGUARDED_AVAILABILITY = YES_AGGRESSIVE;
				CLANG_WARN_UNREACHABLE_CODE = YES;
				CLANG_WARN__DUPLICATE_METHOD_MATCH = YES;
				COPY_PHASE_STRIP = NO;
				DEBUG_INFORMATION_FORMAT = "dwarf-with-dsym";
				DEVELOPMENT_TEAM = R3YK2SQ7K3;
				ENABLE_NS_ASSERTIONS = NO;
				ENABLE_STRICT_OBJC_MSGSEND = YES;
				ENABLE_USER_SCRIPT_SANDBOXING = YES;
				GCC_C_LANGUAGE_STANDARD = gnu17;
				GCC_NO_COMMON_BLOCKS = YES;
				GCC_WARN_64_TO_32_BIT_CONVERSION = YES;
				GCC_WARN_ABOUT_RETURN_TYPE = YES_ERROR;
				GCC_WARN_UNDECLARED_SELECTOR = YES;
				GCC_WARN_UNINITIALIZED_AUTOS = YES_AGGRESSIVE;
				GCC_WARN_UNUSED_FUNCTION = YES;
				GCC_WARN_UNUSED_VARIABLE = YES;
				IPHONEOS_DEPLOYMENT_TARGET = 18.4;
				LOCALIZATION_PREFERS_STRING_CATALOGS = YES;
				MTL_ENABLE_DEBUG_INFO = NO;
				MTL_FAST_MATH = YES;
				SDKROOT = iphoneos;
				SWIFT_COMPILATION_MODE = wholemodule;
				VALIDATE_PRODUCT = YES;
			};
			name = Release;
		};
		C036E9C52DE006A80012AB32 /* Debug */ = {
			isa = XCBuildConfiguration;
			buildSettings = {
				BUNDLE_LOADER = "$(TEST_HOST)";
				CODE_SIGN_STYLE = Automatic;
				CURRENT_PROJECT_VERSION = 1;
				DEVELOPMENT_TEAM = R3YK2SQ7K3;
				GENERATE_INFOPLIST_FILE = YES;
				IPHONEOS_DEPLOYMENT_TARGET = 18.4;
				MARKETING_VERSION = 1.0;
				PRODUCT_BUNDLE_IDENTIFIER = br.pucpr.academy.DigimonTamersTests;
				PRODUCT_NAME = "$(TARGET_NAME)";
				SWIFT_EMIT_LOC_STRINGS = NO;
				SWIFT_VERSION = 5.0;
				TARGETED_DEVICE_FAMILY = "1,2";
				TEST_HOST = "$(BUILT_PRODUCTS_DIR)/DigimonTamers.app/$(BUNDLE_EXECUTABLE_FOLDER_PATH)/DigimonTamers";
			};
			name = Debug;
		};
		C036E9C62DE006A80012AB32 /* Release */ = {
			isa = XCBuildConfiguration;
			buildSettings = {
				BUNDLE_LOADER = "$(TEST_HOST)";
				CODE_SIGN_STYLE = Automatic;
				CURRENT_PROJECT_VERSION = 1;
				DEVELOPMENT_TEAM = R3YK2SQ7K3;
				GENERATE_INFOPLIST_FILE = YES;
				IPHONEOS_DEPLOYMENT_TARGET = 18.4;
				MARKETING_VERSION = 1.0;
				PRODUCT_BUNDLE_IDENTIFIER = br.pucpr.academy.DigimonTamersTests;
				PRODUCT_NAME = "$(TARGET_NAME)";
				SWIFT_EMIT_LOC_STRINGS = NO;
				SWIFT_VERSION = 5.0;
				TARGETED_DEVICE_FAMILY = "1,2";
				TEST_HOST = "$(BUILT_PRODUCTS_DIR)/DigimonTamers.app/$(BUNDLE_EXECUTABLE_FOLDER_PATH)/DigimonTamers";
			};
			name = Release;
		};
		C036E9C82DE006A80012AB32 /* Debug */ = {
			isa = XCBuildConfiguration;
			buildSettings = {
				CODE_SIGN_STYLE = Automatic;
				CURRENT_PROJECT_VERSION = 1;
				DEVELOPMENT_TEAM = R3YK2SQ7K3;
				GENERATE_INFOPLIST_FILE = YES;
				MARKETING_VERSION = 1.0;
				PRODUCT_BUNDLE_IDENTIFIER = br.pucpr.academy.DigimonTamersUITests;
				PRODUCT_NAME = "$(TARGET_NAME)";
				SWIFT_EMIT_LOC_STRINGS = NO;
				SWIFT_VERSION = 5.0;
				TARGETED_DEVICE_FAMILY = "1,2";
				TEST_TARGET_NAME = DigimonTamers;
			};
			name = Debug;
		};
		C036E9C92DE006A80012AB32 /* Release */ = {
			isa = XCBuildConfiguration;
			buildSettings = {
				CODE_SIGN_STYLE = Automatic;
				CURRENT_PROJECT_VERSION = 1;
				DEVELOPMENT_TEAM = R3YK2SQ7K3;
				GENERATE_INFOPLIST_FILE = YES;
				MARKETING_VERSION = 1.0;
				PRODUCT_BUNDLE_IDENTIFIER = br.pucpr.academy.DigimonTamersUITests;
				PRODUCT_NAME = "$(TARGET_NAME)";
				SWIFT_EMIT_LOC_STRINGS = NO;
				SWIFT_VERSION = 5.0;
				TARGETED_DEVICE_FAMILY = "1,2";
				TEST_TARGET_NAME = DigimonTamers;
			};
			name = Release;
		};
/* End XCBuildConfiguration section */

/* Begin XCConfigurationList section */
		C036E9912DE006A50012AB32 /* Build configuration list for PBXProject "DigimonTamers" */ = {
			isa = XCConfigurationList;
			buildConfigurations = (
				C036E9C22DE006A80012AB32 /* Debug */,
				C036E9C32DE006A80012AB32 /* Release */,
			);
			defaultConfigurationIsVisible = 0;
			defaultConfigurationName = Release;
		};
		C036E9BF2DE006A80012AB32 /* Build configuration list for PBXNativeTarget "DigimonTamers" */ = {
			isa = XCConfigurationList;
			buildConfigurations = (
				C036E9C02DE006A80012AB32 /* Debug */,
				C036E9C12DE006A80012AB32 /* Release */,
			);
			defaultConfigurationIsVisible = 0;
			defaultConfigurationName = Release;
		};
		C036E9C42DE006A80012AB32 /* Build configuration list for PBXNativeTarget "DigimonTamersTests" */ = {
			isa = XCConfigurationList;
			buildConfigurations = (
				C036E9C52DE006A80012AB32 /* Debug */,
				C036E9C62DE006A80012AB32 /* Release */,
			);
			defaultConfigurationIsVisible = 0;
			defaultConfigurationName = Release;
		};
		C036E9C72DE006A80012AB32 /* Build configuration list for PBXNativeTarget "DigimonTamersUITests" */ = {
			isa = XCConfigurationList;
			buildConfigurations = (
				C036E9C82DE006A80012AB32 /* Debug */,
				C036E9C92DE006A80012AB32 /* Release */,
			);
			defaultConfigurationIsVisible = 0;
			defaultConfigurationName = Release;
		};
/* End XCConfigurationList section */
	};
	rootObject = C036E98E2DE006A50012AB32 /* Project object */;
}
